
Microsoft Visual Studio Solution File, Format Version 12.00
# Visual Studio Version 17
VisualStudioVersion = 17.14.36915.13 d17.14
MinimumVisualStudioVersion = 10.0.40219.1
Project("{FAE04EC0-301F-11D3-BF4B-00C04F79EFBC}") = "Hot Potato", "Hot Potato\Hot Potato.csproj", "{7252FF12-D312-48BB-BF35-E826EDD08DAA}"
EndProject
Global
	GlobalSection(SolutionConfigurationPlatforms) = preSolution
		Debug|Any CPU = Debug|Any CPU
		Release|Any CPU = Release|Any CPU
	EndGlobalSection
	GlobalSection(ProjectConfigurationPlatforms) = postSolution
		{7252FF12-D312-48BB-BF35-E826EDD08DAA}.Debug|Any CPU.ActiveCfg = Debug|Any CPU
		{7252FF12-D312-48BB-BF35-E826EDD08DAA}.Debug|Any CPU.Build.0 = Debug|Any CPU
		{7252FF12-D312-48BB-BF35-E826EDD08DAA}.Release|Any CPU.ActiveCfg = Release|Any CPU
		{7252FF12-D312-48BB-BF35-E826EDD08DAA}.Release|Any CPU.Build.0 = Release|Any CPU
	EndGlobalSection
	GlobalSection(SolutionProperties) = preSolution
		HideSolutionNode = FALSE
	EndGlobalSection
	GlobalSection(ExtensibilityGlobals) = postSolution
		SolutionGuid = {152FD436-4086-4D3F-9690-EDE155760AFD}
	EndGlobalSection
EndGlobal
